// !$*UTF8*$!
{
	archiveVersion = 1;
	classes = {
	};
	objectVersion = 48;
	objects = {

/* Begin PBXBuildFile section */
		93D9DED21FE9DB52003B0A66 /* RRuleParser.framework in Frameworks */ = {isa = PBXBuildFile; fileRef = 93D9DEC81FE9DB52003B0A66 /* RRuleParser.framework */; };
		93D9DED71FE9DB52003B0A66 /* RRuleParserTests.swift in Sources */ = {isa = PBXBuildFile; fileRef = 93D9DED61FE9DB52003B0A66 /* RRuleParserTests.swift */; };
		93D9DED91FE9DB52003B0A66 /* RRuleParser.h in Headers */ = {isa = PBXBuildFile; fileRef = 93D9DECB1FE9DB52003B0A66 /* RRuleParser.h */; settings = {ATTRIBUTES = (Public, ); }; };
/* End PBXBuildFile section */

/* Begin PBXContainerItemProxy section */
		93D9DED31FE9DB52003B0A66 /* PBXContainerItemProxy */ = {
			isa = PBXContainerItemProxy;
			containerPortal = 93D9DEBF1FE9DB52003B0A66 /* Project object */;
			proxyType = 1;
			remoteGlobalIDString = 93D9DEC71FE9DB52003B0A66;
			remoteInfo = RRuleParser;
		};
/* End PBXContainerItemProxy section */

/* Begin PBXFileReference section */
		93D9DEC81FE9DB52003B0A66 /* RRuleParser.framework */ = {isa = PBXFileReference; explicitFileType = wrapper.framework; includeInIndex = 0; path = RRuleParser.framework; sourceTree = BUILT_PRODUCTS_DIR; };
		93D9DECB1FE9DB52003B0A66 /* RRuleParser.h */ = {isa = PBXFileReference; lastKnownFileType = sourcecode.c.h; path = RRuleParser.h; sourceTree = "<group>"; };
		93D9DECC1FE9DB52003B0A66 /* Info.plist */ = {isa = PBXFileReference; lastKnownFileType = text.plist.xml; path = Info.plist; sourceTree = "<group>"; };
		93D9DED11FE9DB52003B0A66 /* RRuleParserTests.xctest */ = {isa = PBXFileReference; explicitFileType = wrapper.cfbundle; includeInIndex = 0; path = RRuleParserTests.xctest; sourceTree = BUILT_PRODUCTS_DIR; };
		93D9DED61FE9DB52003B0A66 /* RRuleParserTests.swift */ = {isa = PBXFileReference; lastKnownFileType = sourcecode.swift; path = RRuleParserTests.swift; sourceTree = "<group>"; };
		93D9DED81FE9DB52003B0A66 /* Info.plist */ = {isa = PBXFileReference; lastKnownFileType = text.plist.xml; path = Info.plist; sourceTree = "<group>"; };
/* End PBXFileReference section */

/* Begin PBXFrameworksBuildPhase section */
		93D9DEC41FE9DB52003B0A66 /* Frameworks */ = {
			isa = PBXFrameworksBuildPhase;
			buildActionMask = 2147483647;
			files = (
			);
			runOnlyForDeploymentPostprocessing = 0;
		};
		93D9DECE1FE9DB52003B0A66 /* Frameworks */ = {
			isa = PBXFrameworksBuildPhase;
			buildActionMask = 2147483647;
			files = (
				93D9DED21FE9DB52003B0A66 /* RRuleParser.framework in Frameworks */,
			);
			runOnlyForDeploymentPostprocessing = 0;
		};
/* End PBXFrameworksBuildPhase section */

/* Begin PBXGroup section */
		93D9DEBE1FE9DB52003B0A66 = {
			isa = PBXGroup;
			children = (
				93D9DECA1FE9DB52003B0A66 /* RRuleParser */,
				93D9DED51FE9DB52003B0A66 /* RRuleParserTests */,
				93D9DEC91FE9DB52003B0A66 /* Products */,
			);
			sourceTree = "<group>";
		};
		93D9DEC91FE9DB52003B0A66 /* Products */ = {
			isa = PBXGroup;
			children = (
				93D9DEC81FE9DB52003B0A66 /* RRuleParser.framework */,
				93D9DED11FE9DB52003B0A66 /* RRuleParserTests.xctest */,
			);
			name = Products;
			sourceTree = "<group>";
		};
		93D9DECA1FE9DB52003B0A66 /* RRuleParser */ = {
			isa = PBXGroup;
			children = (
				93D9DECB1FE9DB52003B0A66 /* RRuleParser.h */,
				93D9DECC1FE9DB52003B0A66 /* Info.plist */,
			);
			path = RRuleParser;
			sourceTree = "<group>";
		};
		93D9DED51FE9DB52003B0A66 /* RRuleParserTests */ = {
			isa = PBXGroup;
			children = (
				93D9DED61FE9DB52003B0A66 /* RRuleParserTests.swift */,
				93D9DED81FE9DB52003B0A66 /* Info.plist */,
			);
			path = RRuleParserTests;
			sourceTree = "<group>";
		};
/* End PBXGroup section */

/* Begin PBXHeadersBuildPhase section */
		93D9DEC51FE9DB52003B0A66 /* Headers */ = {
			isa = PBXHeadersBuildPhase;
			buildActionMask = 2147483647;
			files = (
				93D9DED91FE9DB52003B0A66 /* RRuleParser.h in Headers */,
			);
			runOnlyForDeploymentPostprocessing = 0;
		};
/* End PBXHeadersBuildPhase section */

/* Begin PBXNativeTarget section */
		93D9DEC71FE9DB52003B0A66 /* RRuleParser */ = {
			isa = PBXNativeTarget;
			buildConfigurationList = 93D9DEDC1FE9DB52003B0A66 /* Build configuration list for PBXNativeTarget "RRuleParser" */;
			buildPhases = (
				93D9DEC31FE9DB52003B0A66 /* Sources */,
				93D9DEC41FE9DB52003B0A66 /* Frameworks */,
				93D9DEC51FE9DB52003B0A66 /* Headers */,
				93D9DEC61FE9DB52003B0A66 /* Resources */,
			);
			buildRules = (
			);
			dependencies = (
			);
			name = RRuleParser;
			productName = RRuleParser;
			productReference = 93D9DEC81FE9DB52003B0A66 /* RRuleParser.framework */;
			productType = "com.apple.product-type.framework";
		};
		93D9DED01FE9DB52003B0A66 /* RRuleParserTests */ = {
			isa = PBXNativeTarget;
			buildConfigurationList = 93D9DEDF1FE9DB52003B0A66 /* Build configuration list for PBXNativeTarget "RRuleParserTests" */;
			buildPhases = (
				93D9DECD1FE9DB52003B0A66 /* Sources */,
				93D9DECE1FE9DB52003B0A66 /* Frameworks */,
				93D9DECF1FE9DB52003B0A66 /* Resources */,
			);
			buildRules = (
			);
			dependencies = (
				93D9DED41FE9DB52003B0A66 /* PBXTargetDependency */,
			);
			name = RRuleParserTests;
			productName = RRuleParserTests;
			productReference = 93D9DED11FE9DB52003B0A66 /* RRuleParserTests.xctest */;
			productType = "com.apple.product-type.bundle.unit-test";
		};
/* End PBXNativeTarget section */

/* Begin PBXProject section */
		93D9DEBF1FE9DB52003B0A66 /* Project object */ = {
			isa = PBXProject;
			attributes = {
				LastSwiftUpdateCheck = 0920;
				LastUpgradeCheck = 0920;
				ORGANIZATIONNAME = "Benjamin Pust";
				TargetAttributes = {
					93D9DEC71FE9DB52003B0A66 = {
						CreatedOnToolsVersion = 9.2;
						ProvisioningStyle = Automatic;
					};
					93D9DED01FE9DB52003B0A66 = {
						CreatedOnToolsVersion = 9.2;
						ProvisioningStyle = Automatic;
					};
				};
			};
			buildConfigurationList = 93D9DEC21FE9DB52003B0A66 /* Build configuration list for PBXProject "RRuleParser" */;
			compatibilityVersion = "Xcode 8.0";
			developmentRegion = en;
			hasScannedForEncodings = 0;
			knownRegions = (
				en,
			);
			mainGroup = 93D9DEBE1FE9DB52003B0A66;
			productRefGroup = 93D9DEC91FE9DB52003B0A66 /* Products */;
			projectDirPath = "";
			projectRoot = "";
			targets = (
				93D9DEC71FE9DB52003B0A66 /* RRuleParser */,
				93D9DED01FE9DB52003B0A66 /* RRuleParserTests */,
			);
		};
/* End PBXProject section */

/* Begin PBXResourcesBuildPhase section */
		93D9DEC61FE9DB52003B0A66 /* Resources */ = {
			isa = PBXResourcesBuildPhase;
			buildActionMask = 2147483647;
			files = (
			);
			runOnlyForDeploymentPostprocessing = 0;
		};
		93D9DECF1FE9DB52003B0A66 /* Resources */ = {
			isa = PBXResourcesBuildPhase;
			buildActionMask = 2147483647;
			files = (
			);
			runOnlyForDeploymentPostprocessing = 0;
		};
/* End PBXResourcesBuildPhase section */

/* Begin PBXSourcesBuildPhase section */
		93D9DEC31FE9DB52003B0A66 /* Sources */ = {
			isa = PBXSourcesBuildPhase;
			buildActionMask = 2147483647;
			files = (
			);
			runOnlyForDeploymentPostprocessing = 0;
		};
		93D9DECD1FE9DB52003B0A66 /* Sources */ = {
			isa = PBXSourcesBuildPhase;
			buildActionMask = 2147483647;
			files = (
				93D9DED71FE9DB52003B0A66 /* RRuleParserTests.swift in Sources */,
			);
			runOnlyForDeploymentPostprocessing = 0;
		};
/* End PBXSourcesBuildPhase section */

/* Begin PBXTargetDependency section */
		93D9DED41FE9DB52003B0A66 /* PBXTargetDependency */ = {
			isa = PBXTargetDependency;
			target = 93D9DEC71FE9DB52003B0A66 /* RRuleParser */;
			targetProxy = 93D9DED31FE9DB52003B0A66 /* PBXContainerItemProxy */;
		};
/* End PBXTargetDependency section */

/* Begin XCBuildConfiguration section */
		93D9DEDA1FE9DB52003B0A66 /* Debug */ = {
			isa = XCBuildConfiguration;
			buildSettings = {
				ALWAYS_SEARCH_USER_PATHS = NO;
				CLANG_ANALYZER_NONNULL = YES;
				CLANG_ANALYZER_NUMBER_OBJECT_CONVERSION = YES_AGGRESSIVE;
				CLANG_CXX_LANGUAGE_STANDARD = "gnu++14";
				CLANG_CXX_LIBRARY = "libc++";
				CLANG_ENABLE_MODULES = YES;
				CLANG_ENABLE_OBJC_ARC = YES;
				CLANG_WARN_BLOCK_CAPTURE_AUTORELEASING = YES;
				CLANG_WARN_BOOL_CONVERSION = YES;
				CLANG_WARN_COMMA = YES;
				CLANG_WARN_CONSTANT_CONVERSION = YES;
				CLANG_WARN_DIRECT_OBJC_ISA_USAGE = YES_ERROR;
				CLANG_WARN_DOCUMENTATION_COMMENTS = YES;
				CLANG_WARN_EMPTY_BODY = YES;
				CLANG_WARN_ENUM_CONVERSION = YES;
				CLANG_WARN_INFINITE_RECURSION = YES;
				CLANG_WARN_INT_CONVERSION = YES;
				CLANG_WARN_NON_LITERAL_NULL_CONVERSION = YES;
				CLANG_WARN_OBJC_LITERAL_CONVERSION = YES;
				CLANG_WARN_OBJC_ROOT_CLASS = YES_ERROR;
				CLANG_WARN_RANGE_LOOP_ANALYSIS = YES;
				CLANG_WARN_STRICT_PROTOTYPES = YES;
				CLANG_WARN_SUSPICIOUS_MOVE = YES;
				CLANG_WARN_UNGUARDED_AVAILABILITY = YES_AGGRESSIVE;
				CLANG_WARN_UNREACHABLE_CODE = YES;
				CLANG_WARN__DUPLICATE_METHOD_MATCH = YES;
				CODE_SIGN_IDENTITY = "iPhone Developer";
				COPY_PHASE_STRIP = NO;
				CURRENT_PROJECT_VERSION = 1;
				DEBUG_INFORMATION_FORMAT = dwarf;
				ENABLE_STRICT_OBJC_MSGSEND = YES;
				ENABLE_TESTABILITY = YES;
				GCC_C_LANGUAGE_STANDARD = gnu11;
				GCC_DYNAMIC_NO_PIC = NO;
				GCC_NO_COMMON_BLOCKS = YES;
				GCC_OPTIMIZATION_LEVEL = 0;
				GCC_PREPROCESSOR_DEFINITIONS = (
					"DEBUG=1",
					"$(inherited)",
				);
				GCC_WARN_64_TO_32_BIT_CONVERSION = YES;
				GCC_WARN_ABOUT_RETURN_TYPE = YES_ERROR;
				GCC_WARN_UNDECLARED_SELECTOR = YES;
				GCC_WARN_UNINITIALIZED_AUTOS = YES_AGGRESSIVE;
				GCC_WARN_UNUSED_FUNCTION = YES;
				GCC_WARN_UNUSED_VARIABLE = YES;
				IPHONEOS_DEPLOYMENT_TARGET = 11.2;
				MTL_ENABLE_DEBUG_INFO = YES;
				ONLY_ACTIVE_ARCH = YES;
				SDKROOT = iphoneos;
				SWIFT_ACTIVE_COMPILATION_CONDITIONS = DEBUG;
				SWIFT_OPTIMIZATION_LEVEL = "-Onone";
				VERSIONING_SYSTEM = "apple-generic";
				VERSION_INFO_PREFIX = "";
			};
			name = Debug;
		};
		93D9DEDB1FE9DB52003B0A66 /* Release */ = {
			isa = XCBuildConfiguration;
			buildSettings = {
				ALWAYS_SEARCH_USER_PATHS = NO;
				CLANG_ANALYZER_NONNULL = YES;
				CLANG_ANALYZER_NUMBER_OBJECT_CONVERSION = YES_AGGRESSIVE;
				CLANG_CXX_LANGUAGE_STANDARD = "gnu++14";
				CLANG_CXX_LIBRARY = "libc++";
				CLANG_ENABLE_MODULES = YES;
				CLANG_ENABLE_OBJC_ARC = YES;
				CLANG_WARN_BLOCK_CAPTURE_AUTORELEASING = YES;
				CLANG_WARN_BOOL_CONVERSION = YES;
				CLANG_WARN_COMMA = YES;
				CLANG_WARN_CONSTANT_CONVERSION = YES;
				CLANG_WARN_DIRECT_OBJC_ISA_USAGE = YES_ERROR;
				CLANG_WARN_DOCUMENTATION_COMMENTS = YES;
				CLANG_WARN_EMPTY_BODY = YES;
				CLANG_WARN_ENUM_CONVERSION = YES;
				CLANG_WARN_INFINITE_RECURSION = YES;
				CLANG_WARN_INT_CONVERSION = YES;
				CLANG_WARN_NON_LITERAL_NULL_CONVERSION = YES;
				CLANG_WARN_OBJC_LITERAL_CONVERSION = YES;
				CLANG_WARN_OBJC_ROOT_CLASS = YES_ERROR;
				CLANG_WARN_RANGE_LOOP_ANALYSIS = YES;
				CLANG_WARN_STRICT_PROTOTYPES = YES;
				CLANG_WARN_SUSPICIOUS_MOVE = YES;
				CLANG_WARN_UNGUARDED_AVAILABILITY = YES_AGGRESSIVE;
				CLANG_WARN_UNREACHABLE_CODE = YES;
				CLANG_WARN__DUPLICATE_METHOD_MATCH = YES;
				CODE_SIGN_IDENTITY = "iPhone Developer";
				COPY_PHASE_STRIP = NO;
				CURRENT_PROJECT_VERSION = 1;
				DEBUG_INFORMATION_FORMAT = "dwarf-with-dsym";
				ENABLE_NS_ASSERTIONS = NO;
				ENABLE_STRICT_OBJC_MSGSEND = YES;
				GCC_C_LANGUAGE_STANDARD = gnu11;
				GCC_NO_COMMON_BLOCKS = YES;
				GCC_WARN_64_TO_32_BIT_CONVERSION = YES;
				GCC_WARN_ABOUT_RETURN_TYPE = YES_ERROR;
				GCC_WARN_UNDECLARED_SELECTOR = YES;
				GCC_WARN_UNINITIALIZED_AUTOS = YES_AGGRESSIVE;
				GCC_WARN_UNUSED_FUNCTION = YES;
				GCC_WARN_UNUSED_VARIABLE = YES;
				IPHONEOS_DEPLOYMENT_TARGET = 11.2;
				MTL_ENABLE_DEBUG_INFO = NO;
				SDKROOT = iphoneos;
				SWIFT_OPTIMIZATION_LEVEL = "-Owholemodule";
				VALIDATE_PRODUCT = YES;
				VERSIONING_SYSTEM = "apple-generic";
				VERSION_INFO_PREFIX = "";
			};
			name = Release;
		};
		93D9DEDD1FE9DB52003B0A66 /* Debug */ = {
			isa = XCBuildConfiguration;
			buildSettings = {
				CODE_SIGN_IDENTITY = "";
				CODE_SIGN_STYLE = Automatic;
				DEFINES_MODULE = YES;
				DEVELOPMENT_TEAM = 3SQ44YK5BM;
				DYLIB_COMPATIBILITY_VERSION = 1;
				DYLIB_CURRENT_VERSION = 1;
				DYLIB_INSTALL_NAME_BASE = "@rpath";
				INFOPLIST_FILE = RRuleParser/Info.plist;
				INSTALL_PATH = "$(LOCAL_LIBRARY_DIR)/Frameworks";
				LD_RUNPATH_SEARCH_PATHS = "$(inherited) @executable_path/Frameworks @loader_path/Frameworks";
				PRODUCT_BUNDLE_IDENTIFIER = com.benjaminpust.RRuleParser;
				PRODUCT_NAME = "$(TARGET_NAME:c99extidentifier)";
				SKIP_INSTALL = YES;
				SWIFT_VERSION = 4.0;
				TARGETED_DEVICE_FAMILY = "1,2";
			};
			name = Debug;
		};
		93D9DEDE1FE9DB52003B0A66 /* Release */ = {
			isa = XCBuildConfiguration;
			buildSettings = {
				CODE_SIGN_IDENTITY = "";
				CODE_SIGN_STYLE = Automatic;
				DEFINES_MODULE = YES;
				DEVELOPMENT_TEAM = 3SQ44YK5BM;
				DYLIB_COMPATIBILITY_VERSION = 1;
				DYLIB_CURRENT_VERSION = 1;
				DYLIB_INSTALL_NAME_BASE = "@rpath";
				INFOPLIST_FILE = RRuleParser/Info.plist;
				INSTALL_PATH = "$(LOCAL_LIBRARY_DIR)/Frameworks";
				LD_RUNPATH_SEARCH_PATHS = "$(inherited) @executable_path/Frameworks @loader_path/Frameworks";
				PRODUCT_BUNDLE_IDENTIFIER = com.benjaminpust.RRuleParser;
				PRODUCT_NAME = "$(TARGET_NAME:c99extidentifier)";
				SKIP_INSTALL = YES;
				SWIFT_VERSION = 4.0;
				TARGETED_DEVICE_FAMILY = "1,2";
			};
			name = Release;
		};
		93D9DEE01FE9DB52003B0A66 /* Debug */ = {
			isa = XCBuildConfiguration;
			buildSettings = {
				CODE_SIGN_STYLE = Automatic;
				DEVELOPMENT_TEAM = 3SQ44YK5BM;
				INFOPLIST_FILE = RRuleParserTests/Info.plist;
				LD_RUNPATH_SEARCH_PATHS = "$(inherited) @executable_path/Frameworks @loader_path/Frameworks";
				PRODUCT_BUNDLE_IDENTIFIER = com.benjaminpust.RRuleParserTests;
				PRODUCT_NAME = "$(TARGET_NAME)";
				SWIFT_VERSION = 4.0;
				TARGETED_DEVICE_FAMILY = "1,2";
			};
			name = Debug;
		};
		93D9DEE11FE9DB52003B0A66 /* Release */ = {
			isa = XCBuildConfiguration;
			buildSettings = {
				CODE_SIGN_STYLE = Automatic;
				DEVELOPMENT_TEAM = 3SQ44YK5BM;
				INFOPLIST_FILE = RRuleParserTests/Info.plist;
				LD_RUNPATH_SEARCH_PATHS = "$(inherited) @executable_path/Frameworks @loader_path/Frameworks";
				PRODUCT_BUNDLE_IDENTIFIER = com.benjaminpust.RRuleParserTests;
				PRODUCT_NAME = "$(TARGET_NAME)";
				SWIFT_VERSION = 4.0;
				TARGETED_DEVICE_FAMILY = "1,2";
			};
			name = Release;
		};
/* End XCBuildConfiguration section */

/* Begin XCConfigurationList section */
		93D9DEC21FE9DB52003B0A66 /* Build configuration list for PBXProject "RRuleParser" */ = {
			isa = XCConfigurationList;
			buildConfigurations = (
				93D9DEDA1FE9DB52003B0A66 /* Debug */,
				93D9DEDB1FE9DB52003B0A66 /* Release */,
			);
			defaultConfigurationIsVisible = 0;
			defaultConfigurationName = Release;
		};
		93D9DEDC1FE9DB52003B0A66 /* Build configuration list for PBXNativeTarget "RRuleParser" */ = {
			isa = XCConfigurationList;
			buildConfigurations = (
				93D9DEDD1FE9DB52003B0A66 /* Debug */,
				93D9DEDE1FE9DB52003B0A66 /* Release */,
			);
			defaultConfigurationIsVisible = 0;
			defaultConfigurationName = Release;
		};
		93D9DEDF1FE9DB52003B0A66 /* Build configuration list for PBXNativeTarget "RRuleParserTests" */ = {
			isa = XCConfigurationList;
			buildConfigurations = (
				93D9DEE01FE9DB52003B0A66 /* Debug */,
				93D9DEE11FE9DB52003B0A66 /* Release */,
			);
			defaultConfigurationIsVisible = 0;
			defaultConfigurationName = Release;
		};
/* End XCConfigurationList section */
	};
	rootObject = 93D9DEBF1FE9DB52003B0A66 /* Project object */;
}
